// !$*UTF8*$!
{
	archiveVersion = 1;
	classes = {
	};
	objectVersion = 50;
	objects = {

/* Begin PBXBuildFile section */
		6369749D216A80BD00CD4F40 /* AppDelegate.swift in Sources */ = {isa = PBXBuildFile; fileRef = 6369749C216A80BD00CD4F40 /* AppDelegate.swift */; };
		6369749F216A80BD00CD4F40 /* ViewController.swift in Sources */ = {isa = PBXBuildFile; fileRef = 6369749E216A80BD00CD4F40 /* ViewController.swift */; };
		636974A2216A80BD00CD4F40 /* Main.storyboard in Resources */ = {isa = PBXBuildFile; fileRef = 636974A0216A80BD00CD4F40 /* Main.storyboard */; };
		636974A4216A80C100CD4F40 /* Assets.xcassets in Resources */ = {isa = PBXBuildFile; fileRef = 636974A3216A80C100CD4F40 /* Assets.xcassets */; };
		636974A7216A80C100CD4F40 /* LaunchScreen.storyboard in Resources */ = {isa = PBXBuildFile; fileRef = 636974A5216A80C100CD4F40 /* LaunchScreen.storyboard */; };
		636974AF216A909400CD4F40 /* DataCollectionViewCell.swift in Sources */ = {isa = PBXBuildFile; fileRef = 636974AE216A909400CD4F40 /* DataCollectionViewCell.swift */; };
		A3C492B142F3E18483CCFD2E /* Pods_multiple_image_selector.framework in Frameworks */ = {isa = PBXBuildFile; fileRef = E19B35E6D9DE6C3BD5E54ABB /* Pods_multiple_image_selector.framework */; };
/* End PBXBuildFile section */

/* Begin PBXFileReference section */
		3F276D57229DB66262091035 /* Pods-multiple_image_selector.debug.xcconfig */ = {isa = PBXFileReference; includeInIndex = 1; lastKnownFileType = text.xcconfig; name = "Pods-multiple_image_selector.debug.xcconfig"; path = "Pods/Target Support Files/Pods-multiple_image_selector/Pods-multiple_image_selector.debug.xcconfig"; sourceTree = "<group>"; };
		4EFC4D9258CC8A0B86BABFE4 /* Pods-multiple_image_selector.release.xcconfig */ = {isa = PBXFileReference; includeInIndex = 1; lastKnownFileType = text.xcconfig; name = "Pods-multiple_image_selector.release.xcconfig"; path = "Pods/Target Support Files/Pods-multiple_image_selector/Pods-multiple_image_selector.release.xcconfig"; sourceTree = "<group>"; };
		63697499216A80BD00CD4F40 /* multiple_image_selector.app */ = {isa = PBXFileReference; explicitFileType = wrapper.application; includeInIndex = 0; path = multiple_image_selector.app; sourceTree = BUILT_PRODUCTS_DIR; };
		6369749C216A80BD00CD4F40 /* AppDelegate.swift */ = {isa = PBXFileReference; lastKnownFileType = sourcecode.swift; path = AppDelegate.swift; sourceTree = "<group>"; };
		6369749E216A80BD00CD4F40 /* ViewController.swift */ = {isa = PBXFileReference; lastKnownFileType = sourcecode.swift; path = ViewController.swift; sourceTree = "<group>"; };
		636974A1216A80BD00CD4F40 /* Base */ = {isa = PBXFileReference; lastKnownFileType = file.storyboard; name = Base; path = Base.lproj/Main.storyboard; sourceTree = "<group>"; };
		636974A3216A80C100CD4F40 /* Assets.xcassets */ = {isa = PBXFileReference; lastKnownFileType = folder.assetcatalog; path = Assets.xcassets; sourceTree = "<group>"; };
		636974A6216A80C100CD4F40 /* Base */ = {isa = PBXFileReference; lastKnownFileType = file.storyboard; name = Base; path = Base.lproj/LaunchScreen.storyboard; sourceTree = "<group>"; };
		636974A8216A80C100CD4F40 /* Info.plist */ = {isa = PBXFileReference; lastKnownFileType = text.plist.xml; path = Info.plist; sourceTree = "<group>"; };
		636974AE216A909400CD4F40 /* DataCollectionViewCell.swift */ = {isa = PBXFileReference; lastKnownFileType = sourcecode.swift; path = DataCollectionViewCell.swift; sourceTree = "<group>"; };
		E19B35E6D9DE6C3BD5E54ABB /* Pods_multiple_image_selector.framework */ = {isa = PBXFileReference; explicitFileType = wrapper.framework; includeInIndex = 0; path = Pods_multiple_image_selector.framework; sourceTree = BUILT_PRODUCTS_DIR; };
/* End PBXFileReference section */

/* Begin PBXFrameworksBuildPhase section */
		63697496216A80BD00CD4F40 /* Frameworks */ = {
			isa = PBXFrameworksBuildPhase;
			buildActionMask = 2147483647;
			files = (
				A3C492B142F3E18483CCFD2E /* Pods_multiple_image_selector.framework in Frameworks */,
			);
			runOnlyForDeploymentPostprocessing = 0;
		};
/* End PBXFrameworksBuildPhase section */

/* Begin PBXGroup section */
		53195590CF2E96514B418920 /* Frameworks */ = {
			isa = PBXGroup;
			children = (
				E19B35E6D9DE6C3BD5E54ABB /* Pods_multiple_image_selector.framework */,
			);
			name = Frameworks;
			sourceTree = "<group>";
		};
		63697490216A80BD00CD4F40 = {
			isa = PBXGroup;
			children = (
				6369749B216A80BD00CD4F40 /* multiple_image_selector */,
				6369749A216A80BD00CD4F40 /* Products */,
				7BAB686517395ECB941B039E /* Pods */,
				53195590CF2E96514B418920 /* Frameworks */,
			);
			sourceTree = "<group>";
		};
		6369749A216A80BD00CD4F40 /* Products */ = {
			isa = PBXGroup;
			children = (
				63697499216A80BD00CD4F40 /* multiple_image_selector.app */,
			);
			name = Products;
			sourceTree = "<group>";
		};
		6369749B216A80BD00CD4F40 /* multiple_image_selector */ = {
			isa = PBXGroup;
			children = (
				6369749C216A80BD00CD4F40 /* AppDelegate.swift */,
				6369749E216A80BD00CD4F40 /* ViewController.swift */,
				636974A0216A80BD00CD4F40 /* Main.storyboard */,
				636974A3216A80C100CD4F40 /* Assets.xcassets */,
				636974A5216A80C100CD4F40 /* LaunchScreen.storyboard */,
				636974A8216A80C100CD4F40 /* Info.plist */,
				636974AE216A909400CD4F40 /* DataCollectionViewCell.swift */,
			);
			path = multiple_image_selector;
			sourceTree = "<group>";
		};
		7BAB686517395ECB941B039E /* Pods */ = {
			isa = PBXGroup;
			children = (
				3F276D57229DB66262091035 /* Pods-multiple_image_selector.debug.xcconfig */,
				4EFC4D9258CC8A0B86BABFE4 /* Pods-multiple_image_selector.release.xcconfig */,
			);
			name = Pods;
			sourceTree = "<group>";
		};
/* End PBXGroup section */

/* Begin PBXNativeTarget section */
		63697498216A80BD00CD4F40 /* multiple_image_selector */ = {
			isa = PBXNativeTarget;
			buildConfigurationList = 636974AB216A80C100CD4F40 /* Build configuration list for PBXNativeTarget "multiple_image_selector" */;
			buildPhases = (
				6EA089D3342A7CB336A13A96 /* [CP] Check Pods Manifest.lock */,
				63697495216A80BD00CD4F40 /* Sources */,
				63697496216A80BD00CD4F40 /* Frameworks */,
				63697497216A80BD00CD4F40 /* Resources */,
				721ABF9DFB80C89C3F604626 /* [CP] Embed Pods Frameworks */,
			);
			buildRules = (
			);
			dependencies = (
			);
			name = multiple_image_selector;
			productName = multiple_image_selector;
			productReference = 63697499216A80BD00CD4F40 /* multiple_image_selector.app */;
			productType = "com.apple.product-type.application";
		};
/* End PBXNativeTarget section */

/* Begin PBXProject section */
		63697491216A80BD00CD4F40 /* Project object */ = {
			isa = PBXProject;
			attributes = {
				LastSwiftUpdateCheck = 1000;
				LastUpgradeCheck = 1000;
				ORGANIZATIONNAME = "mohit kotie";
				TargetAttributes = {
					63697498216A80BD00CD4F40 = {
						CreatedOnToolsVersion = 10.0;
					};
				};
			};
			buildConfigurationList = 63697494216A80BD00CD4F40 /* Build configuration list for PBXProject "multiple_image_selector" */;
			compatibilityVersion = "Xcode 9.3";
			developmentRegion = en;
			hasScannedForEncodings = 0;
			knownRegions = (
				en,
				Base,
			);
			mainGroup = 63697490216A80BD00CD4F40;
			productRefGroup = 6369749A216A80BD00CD4F40 /* Products */;
			projectDirPath = "";
			projectRoot = "";
			targets = (
				63697498216A80BD00CD4F40 /* multiple_image_selector */,
			);
		};
/* End PBXProject section */

/* Begin PBXResourcesBuildPhase section */
		63697497216A80BD00CD4F40 /* Resources */ = {
			isa = PBXResourcesBuildPhase;
			buildActionMask = 2147483647;
			files = (
				636974A7216A80C100CD4F40 /* LaunchScreen.storyboard in Resources */,
				636974A4216A80C100CD4F40 /* Assets.xcassets in Resources */,
				636974A2216A80BD00CD4F40 /* Main.storyboard in Resources */,
			);
			runOnlyForDeploymentPostprocessing = 0;
		};
/* End PBXResourcesBuildPhase section */

/* Begin PBXShellScriptBuildPhase section */
		6EA089D3342A7CB336A13A96 /* [CP] Check Pods Manifest.lock */ = {
			isa = PBXShellScriptBuildPhase;
			buildActionMask = 2147483647;
			files = (
			);
			inputPaths = (
				"${PODS_PODFILE_DIR_PATH}/Podfile.lock",
				"${PODS_ROOT}/Manifest.lock",
			);
			name = "[CP] Check Pods Manifest.lock";
			outputPaths = (
				"$(DERIVED_FILE_DIR)/Pods-multiple_image_selector-checkManifestLockResult.txt",
			);
			runOnlyForDeploymentPostprocessing = 0;
			shellPath = /bin/sh;
			shellScript = "diff \"${PODS_PODFILE_DIR_PATH}/Podfile.lock\" \"${PODS_ROOT}/Manifest.lock\" > /dev/null\nif [ $? != 0 ] ; then\n    # print error to STDERR\n    echo \"error: The sandbox is not in sync with the Podfile.lock. Run 'pod install' or update your CocoaPods installation.\" >&2\n    exit 1\nfi\n# This output is used by Xcode 'outputs' to avoid re-running this script phase.\necho \"SUCCESS\" > \"${SCRIPT_OUTPUT_FILE_0}\"\n";
			showEnvVarsInLog = 0;
		};
		721ABF9DFB80C89C3F604626 /* [CP] Embed Pods Frameworks */ = {
			isa = PBXShellScriptBuildPhase;
			buildActionMask = 2147483647;
			files = (
			);
			inputPaths = (
				"${SRCROOT}/Pods/Target Support Files/Pods-multiple_image_selector/Pods-multiple_image_selector-frameworks.sh",
				"${BUILT_PRODUCTS_DIR}/BSGridCollectionViewLayout/BSGridCollectionViewLayout.framework",
				"${BUILT_PRODUCTS_DIR}/BSImagePicker/BSImagePicker.framework",
				"${BUILT_PRODUCTS_DIR}/BSImageView/BSImageView.framework",
			);
			name = "[CP] Embed Pods Frameworks";
			outputPaths = (
				"${TARGET_BUILD_DIR}/${FRAMEWORKS_FOLDER_PATH}/BSGridCollectionViewLayout.framework",
				"${TARGET_BUILD_DIR}/${FRAMEWORKS_FOLDER_PATH}/BSImagePicker.framework",
				"${TARGET_BUILD_DIR}/${FRAMEWORKS_FOLDER_PATH}/BSImageView.framework",
			);
			runOnlyForDeploymentPostprocessing = 0;
			shellPath = /bin/sh;
			shellScript = "\"${SRCROOT}/Pods/Target Support Files/Pods-multiple_image_selector/Pods-multiple_image_selector-frameworks.sh\"\n";
			showEnvVarsInLog = 0;
		};
/* End PBXShellScriptBuildPhase section */

/* Begin PBXSourcesBuildPhase section */
		63697495216A80BD00CD4F40 /* Sources */ = {
			isa = PBXSourcesBuildPhase;
			buildActionMask = 2147483647;
			files = (
				6369749F216A80BD00CD4F40 /* ViewController.swift in Sources */,
				636974AF216A909400CD4F40 /* DataCollectionViewCell.swift in Sources */,
				6369749D216A80BD00CD4F40 /* AppDelegate.swift in Sources */,
			);
			runOnlyForDeploymentPostprocessing = 0;
		};
/* End PBXSourcesBuildPhase section */

/* Begin PBXVariantGroup section */
		636974A0216A80BD00CD4F40 /* Main.storyboard */ = {
			isa = PBXVariantGroup;
			children = (
				636974A1216A80BD00CD4F40 /* Base */,
			);
			name = Main.storyboard;
			sourceTree = "<group>";
		};
		636974A5216A80C100CD4F40 /* LaunchScreen.storyboard */ = {
			isa = PBXVariantGroup;
			children = (
				636974A6216A80C100CD4F40 /* Base */,
			);
			name = LaunchScreen.storyboard;
			sourceTree = "<group>";
		};
/* End PBXVariantGroup section */

/* Begin XCBuildConfiguration section */
		636974A9216A80C100CD4F40 /* Debug */ = {
			isa = XCBuildConfiguration;
			buildSettings = {
				ALWAYS_SEARCH_USER_PATHS = NO;
				CLANG_ANALYZER_NONNULL = YES;
				CLANG_ANALYZER_NUMBER_OBJECT_CONVERSION = YES_AGGRESSIVE;
				CLANG_CXX_LANGUAGE_STANDARD = "gnu++14";
				CLANG_CXX_LIBRARY = "libc++";
				CLANG_ENABLE_MODULES = YES;
				CLANG_ENABLE_OBJC_ARC = YES;
				CLANG_ENABLE_OBJC_WEAK = YES;
				CLANG_WARN_BLOCK_CAPTURE_AUTORELEASING = YES;
				CLANG_WARN_BOOL_CONVERSION = YES;
				CLANG_WARN_COMMA = YES;
				CLANG_WARN_CONSTANT_CONVERSION = YES;
				CLANG_WARN_DEPRECATED_OBJC_IMPLEMENTATIONS = YES;
				CLANG_WARN_DIRECT_OBJC_ISA_USAGE = YES_ERROR;
				CLANG_WARN_DOCUMENTATION_COMMENTS = YES;
				CLANG_WARN_EMPTY_BODY = YES;
				CLANG_WARN_ENUM_CONVERSION = YES;
				CLANG_WARN_INFINITE_RECURSION = YES;
				CLANG_WARN_INT_CONVERSION = YES;
				CLANG_WARN_NON_LITERAL_NULL_CONVERSION = YES;
				CLANG_WARN_OBJC_IMPLICIT_RETAIN_SELF = YES;
				CLANG_WARN_OBJC_LITERAL_CONVERSION = YES;
				CLANG_WARN_OBJC_ROOT_CLASS = YES_ERROR;
				CLANG_WARN_RANGE_LOOP_ANALYSIS = YES;
				CLANG_WARN_STRICT_PROTOTYPES = YES;
				CLANG_WARN_SUSPICIOUS_MOVE = YES;
				CLANG_WARN_UNGUARDED_AVAILABILITY = YES_AGGRESSIVE;
				CLANG_WARN_UNREACHABLE_CODE = YES;
				CLANG_WARN__DUPLICATE_METHOD_MATCH = YES;
				CODE_SIGN_IDENTITY = "iPhone Developer";
				COPY_PHASE_STRIP = NO;
				DEBUG_INFORMATION_FORMAT = dwarf;
				ENABLE_STRICT_OBJC_MSGSEND = YES;
				ENABLE_TESTABILITY = YES;
				GCC_C_LANGUAGE_STANDARD = gnu11;
				GCC_DYNAMIC_NO_PIC = NO;
				GCC_NO_COMMON_BLOCKS = YES;
				GCC_OPTIMIZATION_LEVEL = 0;
				GCC_PREPROCESSOR_DEFINITIONS = (
					"DEBUG=1",
					"$(inherited)",
				);
				GCC_WARN_64_TO_32_BIT_CONVERSION = YES;
				GCC_WARN_ABOUT_RETURN_TYPE = YES_ERROR;
				GCC_WARN_UNDECLARED_SELECTOR = YES;
				GCC_WARN_UNINITIALIZED_AUTOS = YES_AGGRESSIVE;
				GCC_WARN_UNUSED_FUNCTION = YES;
				GCC_WARN_UNUSED_VARIABLE = YES;
				IPHONEOS_DEPLOYMENT_TARGET = 12.0;
				MTL_ENABLE_DEBUG_INFO = INCLUDE_SOURCE;
				MTL_FAST_MATH = YES;
				ONLY_ACTIVE_ARCH = YES;
				SDKROOT = iphoneos;
				SWIFT_ACTIVE_COMPILATION_CONDITIONS = DEBUG;
				SWIFT_OPTIMIZATION_LEVEL = "-Onone";
			};
			name = Debug;
		};
		636974AA216A80C100CD4F40 /* Release */ = {
			isa = XCBuildConfiguration;
			buildSettings = {
				ALWAYS_SEARCH_USER_PATHS = NO;
				CLANG_ANALYZER_NONNULL = YES;
				CLANG_ANALYZER_NUMBER_OBJECT_CONVERSION = YES_AGGRESSIVE;
				CLANG_CXX_LANGUAGE_STANDARD = "gnu++14";
				CLANG_CXX_LIBRARY = "libc++";
				CLANG_ENABLE_MODULES = YES;
				CLANG_ENABLE_OBJC_ARC = YES;
				CLANG_ENABLE_OBJC_WEAK = YES;
				CLANG_WARN_BLOCK_CAPTURE_AUTORELEASING = YES;
				CLANG_WARN_BOOL_CONVERSION = YES;
				CLANG_WARN_COMMA = YES;
				CLANG_WARN_CONSTANT_CONVERSION = YES;
				CLANG_WARN_DEPRECATED_OBJC_IMPLEMENTATIONS = YES;
				CLANG_WARN_DIRECT_OBJC_ISA_USAGE = YES_ERROR;
				CLANG_WARN_DOCUMENTATION_COMMENTS = YES;
				CLANG_WARN_EMPTY_BODY = YES;
				CLANG_WARN_ENUM_CONVERSION = YES;
				CLANG_WARN_INFINITE_RECURSION = YES;
				CLANG_WARN_INT_CONVERSION = YES;
				CLANG_WARN_NON_LITERAL_NULL_CONVERSION = YES;
				CLANG_WARN_OBJC_IMPLICIT_RETAIN_SELF = YES;
				CLANG_WARN_OBJC_LITERAL_CONVERSION = YES;
				CLANG_WARN_OBJC_ROOT_CLASS = YES_ERROR;
				CLANG_WARN_RANGE_LOOP_ANALYSIS = YES;
				CLANG_WARN_STRICT_PROTOTYPES = YES;
				CLANG_WARN_SUSPICIOUS_MOVE = YES;
				CLANG_WARN_UNGUARDED_AVAILABILITY = YES_AGGRESSIVE;
				CLANG_WARN_UNREACHABLE_CODE = YES;
				CLANG_WARN__DUPLICATE_METHOD_MATCH = YES;
				CODE_SIGN_IDENTITY = "iPhone Developer";
				COPY_PHASE_STRIP = NO;
				DEBUG_INFORMATION_FORMAT = "dwarf-with-dsym";
				ENABLE_NS_ASSERTIONS = NO;
				ENABLE_STRICT_OBJC_MSGSEND = YES;
				GCC_C_LANGUAGE_STANDARD = gnu11;
				GCC_NO_COMMON_BLOCKS = YES;
				GCC_WARN_64_TO_32_BIT_CONVERSION = YES;
				GCC_WARN_ABOUT_RETURN_TYPE = YES_ERROR;
				GCC_WARN_UNDECLARED_SELECTOR = YES;
				GCC_WARN_UNINITIALIZED_AUTOS = YES_AGGRESSIVE;
				GCC_WARN_UNUSED_FUNCTION = YES;
				GCC_WARN_UNUSED_VARIABLE = YES;
				IPHONEOS_DEPLOYMENT_TARGET = 12.0;
				MTL_ENABLE_DEBUG_INFO = NO;
				MTL_FAST_MATH = YES;
				SDKROOT = iphoneos;
				SWIFT_COMPILATION_MODE = wholemodule;
				SWIFT_OPTIMIZATION_LEVEL = "-O";
				VALIDATE_PRODUCT = YES;
			};
			name = Release;
		};
		636974AC216A80C100CD4F40 /* Debug */ = {
			isa = XCBuildConfiguration;
			baseConfigurationReference = 3F276D57229DB66262091035 /* Pods-multiple_image_selector.debug.xcconfig */;
			buildSettings = {
				ASSETCATALOG_COMPILER_APPICON_NAME = AppIcon;
				CODE_SIGN_STYLE = Automatic;
				DEVELOPMENT_TEAM = S837CAZ6C3;
				INFOPLIST_FILE = multiple_image_selector/Info.plist;
				LD_RUNPATH_SEARCH_PATHS = (
					"$(inherited)",
					"@executable_path/Frameworks",
				);
				PRODUCT_BUNDLE_IDENTIFIER = "smohit.multiple-image-selector";
				PRODUCT_NAME = "$(TARGET_NAME)";
				SWIFT_VERSION = 4.2;
				TARGETED_DEVICE_FAMILY = "1,2";
			};
			name = Debug;
		};
		636974AD216A80C100CD4F40 /* Release */ = {
			isa = XCBuildConfiguration;
			baseConfigurationReference = 4EFC4D9258CC8A0B86BABFE4 /* Pods-multiple_image_selector.release.xcconfig */;
			buildSettings = {
				ASSETCATALOG_COMPILER_APPICON_NAME = AppIcon;
				CODE_SIGN_STYLE = Automatic;
				DEVELOPMENT_TEAM = S837CAZ6C3;
				INFOPLIST_FILE = multiple_image_selector/Info.plist;
				LD_RUNPATH_SEARCH_PATHS = (
					"$(inherited)",
					"@executable_path/Frameworks",
				);
				PRODUCT_BUNDLE_IDENTIFIER = "smohit.multiple-image-selector";
				PRODUCT_NAME = "$(TARGET_NAME)";
				SWIFT_VERSION = 4.2;
				TARGETED_DEVICE_FAMILY = "1,2";
			};
			name = Release;
		};
/* End XCBuildConfiguration section */

/* Begin XCConfigurationList section */
		63697494216A80BD00CD4F40 /* Build configuration list for PBXProject "multiple_image_selector" */ = {
			isa = XCConfigurationList;
			buildConfigurations = (
				636974A9216A80C100CD4F40 /* Debug */,
				636974AA216A80C100CD4F40 /* Release */,
			);
			defaultConfigurationIsVisible = 0;
			defaultConfigurationName = Release;
		};
		636974AB216A80C100CD4F40 /* Build configuration list for PBXNativeTarget "multiple_image_selector" */ = {
			isa = XCConfigurationList;
			buildConfigurations = (
				636974AC216A80C100CD4F40 /* Debug */,
				636974AD216A80C100CD4F40 /* Release */,
			);
			defaultConfigurationIsVisible = 0;
			defaultConfigurationName = Release;
		};
/* End XCConfigurationList section */
	};
	rootObject = 63697491216A80BD00CD4F40 /* Project object */;
}
